uuid: 5de3ced1-daa5-4d43-a9a2-e696864174b1
langcode: en
status: true
dependencies:
  content:
    - 'block_content:footer_block_type:58a56535-c865-4cbc-af8e-e71901819aa8'
  module:
    - block_content
  theme:
    - bootstrap_child
id: footerblock
theme: bootstrap_child
region: footer
weight: 0
provider: null
plugin: 'block_content:58a56535-c865-4cbc-af8e-e71901819aa8'
settings:
  id: 'block_content:58a56535-c865-4cbc-af8e-e71901819aa8'
  label: 'Footer Block'
  provider: block_content
  label_display: '0'
  status: true
  info: ''
  view_mode: full
visibility: {  }
